
Microsoft Visual Studio Solution File, Format Version 12.00
# Visual Studio Version 16
VisualStudioVersion = 16.0.31019.35
MinimumVisualStudioVersion = 10.0.40219.1
Project("{FAE04EC0-301F-11D3-BF4B-00C04F79EFBC}") = "c2", "c2\c2.csproj", "{E4236074-2591-444C-9A10-9850285E067E}"
EndProject
Global
	GlobalSection(SolutionConfigurationPlatforms) = preSolution
		Debug|Any CPU = Debug|Any CPU
		Release|Any CPU = Release|Any CPU
	EndGlobalSection
	GlobalSection(ProjectConfigurationPlatforms) = postSolution
		{E4236074-2591-444C-9A10-9850285E067E}.Debug|Any CPU.ActiveCfg = Debug|Any CPU
		{E4236074-2591-444C-9A10-9850285E067E}.Debug|Any CPU.Build.0 = Debug|Any CPU
		{E4236074-2591-444C-9A10-9850285E067E}.Release|Any CPU.ActiveCfg = Release|Any CPU
		{E4236074-2591-444C-9A10-9850285E067E}.Release|Any CPU.Build.0 = Release|Any CPU
	EndGlobalSection
	GlobalSection(SolutionProperties) = preSolution
		HideSolutionNode = FALSE
	EndGlobalSection
	GlobalSection(ExtensibilityGlobals) = postSolution
		SolutionGuid = {934CAF9D-1044-45AB-9B2C-320E6BA6BD32}
	EndGlobalSection
EndGlobal
